
Microsoft Visual Studio Solution File, Format Version 12.00
# Visual Studio Version 16
VisualStudioVersion = 16.0.30011.22
MinimumVisualStudioVersion = 10.0.40219.1
Project("{9A19103F-16F7-4668-BE54-9A1E7A4F7556}") = "EMyShop", "EMyShop\EMyShop.csproj", "{9A8833A5-D747-4082-B8C2-4F839598F088}"
EndProject
Project("{9A19103F-16F7-4668-BE54-9A1E7A4F7556}") = "EMyShop.Data", "EMyShop.Data\EMyShop.Data.csproj", "{9D6BAE74-A032-45B7-9A0D-96AB9727F66D}"
EndProject
Project("{9A19103F-16F7-4668-BE54-9A1E7A4F7556}") = "EMyShop.Application", "EMyShop.Application\EMyShop.Application.csproj", "{3B864262-219D-4713-A7F3-E1948057A4D0}"
EndProject
Project("{2150E333-8FDC-42A3-9474-1A3956D46DE8}") = "3.Host", "3.Host", "{5DE0BB35-A73F-4D1B-8E3E-B8C780E01040}"
EndProject
Project("{9A19103F-16F7-4668-BE54-9A1E7A4F7556}") = "EMyShop.BackEndAPI", "EMyShop.BackEndAPI\EMyShop.BackEndAPI.csproj", "{4DEBBD82-9E07-415F-8391-68366A54F5F0}"
EndProject
Project("{9A19103F-16F7-4668-BE54-9A1E7A4F7556}") = "EMyShop.ViewModel", "EMyShop.ViewModel\EMyShop.ViewModel.csproj", "{EE4B55A7-34AF-423C-AAB1-24692C5A1B33}"
EndProject
Project("{9A19103F-16F7-4668-BE54-9A1E7A4F7556}") = "EMyShop.Utilities", "EMyShop.Utilities\EMyShop.Utilities.csproj", "{9E880258-2CCF-4504-A6F3-090A211C52D9}"
EndProject
Project("{9A19103F-16F7-4668-BE54-9A1E7A4F7556}") = "EMyShop.WebApp", "EMyShop.WebApp\EMyShop.WebApp.csproj", "{BD67FDC1-A8EC-4C63-89F7-A48AAD185B85}"
EndProject
Project("{9A19103F-16F7-4668-BE54-9A1E7A4F7556}") = "EMyShop.AdminApp", "EMyShop.AdminApp\EMyShop.AdminApp.csproj", "{9B0C1D93-2DCF-4C27-B9A5-7165C2204830}"
EndProject
Project("{2150E333-8FDC-42A3-9474-1A3956D46DE8}") = "1.Infrastructure", "1.Infrastructure", "{7ABCF003-EFB8-4BB2-95A4-581DF6B88488}"
EndProject
Project("{2150E333-8FDC-42A3-9474-1A3956D46DE8}") = "2.Domain", "2.Domain", "{3F5968D5-65CD-4404-A911-1FE40AC13020}"
EndProject
Project("{FAE04EC0-301F-11D3-BF4B-00C04F79EFBC}") = "EMyShop.ApiIntegration", "EMyShop.ApiIntegration\EMyShop.ApiIntegration.csproj", "{91CC473F-1234-4434-B58E-09B712E0417F}"
EndProject
Global
	GlobalSection(SolutionConfigurationPlatforms) = preSolution
		Debug|Any CPU = Debug|Any CPU
		Release|Any CPU = Release|Any CPU
	EndGlobalSection
	GlobalSection(ProjectConfigurationPlatforms) = postSolution
		{9A8833A5-D747-4082-B8C2-4F839598F088}.Debug|Any CPU.ActiveCfg = Debug|Any CPU
		{9A8833A5-D747-4082-B8C2-4F839598F088}.Debug|Any CPU.Build.0 = Debug|Any CPU
		{9A8833A5-D747-4082-B8C2-4F839598F088}.Release|Any CPU.ActiveCfg = Release|Any CPU
		{9A8833A5-D747-4082-B8C2-4F839598F088}.Release|Any CPU.Build.0 = Release|Any CPU
		{9D6BAE74-A032-45B7-9A0D-96AB9727F66D}.Debug|Any CPU.ActiveCfg = Debug|Any CPU
		{9D6BAE74-A032-45B7-9A0D-96AB9727F66D}.Debug|Any CPU.Build.0 = Debug|Any CPU
		{9D6BAE74-A032-45B7-9A0D-96AB9727F66D}.Release|Any CPU.ActiveCfg = Release|Any CPU
		{9D6BAE74-A032-45B7-9A0D-96AB9727F66D}.Release|Any CPU.Build.0 = Release|Any CPU
		{3B864262-219D-4713-A7F3-E1948057A4D0}.Debug|Any CPU.ActiveCfg = Debug|Any CPU
		{3B864262-219D-4713-A7F3-E1948057A4D0}.Debug|Any CPU.Build.0 = Debug|Any CPU
		{3B864262-219D-4713-A7F3-E1948057A4D0}.Release|Any CPU.ActiveCfg = Release|Any CPU
		{3B864262-219D-4713-A7F3-E1948057A4D0}.Release|Any CPU.Build.0 = Release|Any CPU
		{4DEBBD82-9E07-415F-8391-68366A54F5F0}.Debug|Any CPU.ActiveCfg = Debug|Any CPU
		{4DEBBD82-9E07-415F-8391-68366A54F5F0}.Debug|Any CPU.Build.0 = Debug|Any CPU
		{4DEBBD82-9E07-415F-8391-68366A54F5F0}.Release|Any CPU.ActiveCfg = Release|Any CPU
		{4DEBBD82-9E07-415F-8391-68366A54F5F0}.Release|Any CPU.Build.0 = Release|Any CPU
		{EE4B55A7-34AF-423C-AAB1-24692C5A1B33}.Debug|Any CPU.ActiveCfg = Debug|Any CPU
		{EE4B55A7-34AF-423C-AAB1-24692C5A1B33}.Debug|Any CPU.Build.0 = Debug|Any CPU
		{EE4B55A7-34AF-423C-AAB1-24692C5A1B33}.Release|Any CPU.ActiveCfg = Release|Any CPU
		{EE4B55A7-34AF-423C-AAB1-24692C5A1B33}.Release|Any CPU.Build.0 = Release|Any CPU
		{9E880258-2CCF-4504-A6F3-090A211C52D9}.Debug|Any CPU.ActiveCfg = Debug|Any CPU
		{9E880258-2CCF-4504-A6F3-090A211C52D9}.Debug|Any CPU.Build.0 = Debug|Any CPU
		{9E880258-2CCF-4504-A6F3-090A211C52D9}.Release|Any CPU.ActiveCfg = Release|Any CPU
		{9E880258-2CCF-4504-A6F3-090A211C52D9}.Release|Any CPU.Build.0 = Release|Any CPU
		{BD67FDC1-A8EC-4C63-89F7-A48AAD185B85}.Debug|Any CPU.ActiveCfg = Debug|Any CPU
		{BD67FDC1-A8EC-4C63-89F7-A48AAD185B85}.Debug|Any CPU.Build.0 = Debug|Any CPU
		{BD67FDC1-A8EC-4C63-89F7-A48AAD185B85}.Release|Any CPU.ActiveCfg = Release|Any CPU
		{BD67FDC1-A8EC-4C63-89F7-A48AAD185B85}.Release|Any CPU.Build.0 = Release|Any CPU
		{9B0C1D93-2DCF-4C27-B9A5-7165C2204830}.Debug|Any CPU.ActiveCfg = Debug|Any CPU
		{9B0C1D93-2DCF-4C27-B9A5-7165C2204830}.Debug|Any CPU.Build.0 = Debug|Any CPU
		{9B0C1D93-2DCF-4C27-B9A5-7165C2204830}.Release|Any CPU.ActiveCfg = Release|Any CPU
		{9B0C1D93-2DCF-4C27-B9A5-7165C2204830}.Release|Any CPU.Build.0 = Release|Any CPU
		{91CC473F-1234-4434-B58E-09B712E0417F}.Debug|Any CPU.ActiveCfg = Debug|Any CPU
		{91CC473F-1234-4434-B58E-09B712E0417F}.Debug|Any CPU.Build.0 = Debug|Any CPU
		{91CC473F-1234-4434-B58E-09B712E0417F}.Release|Any CPU.ActiveCfg = Release|Any CPU
		{91CC473F-1234-4434-B58E-09B712E0417F}.Release|Any CPU.Build.0 = Release|Any CPU
	EndGlobalSection
	GlobalSection(SolutionProperties) = preSolution
		HideSolutionNode = FALSE
	EndGlobalSection
	GlobalSection(NestedProjects) = preSolution
		{9D6BAE74-A032-45B7-9A0D-96AB9727F66D} = {3F5968D5-65CD-4404-A911-1FE40AC13020}
		{3B864262-219D-4713-A7F3-E1948057A4D0} = {3F5968D5-65CD-4404-A911-1FE40AC13020}
		{4DEBBD82-9E07-415F-8391-68366A54F5F0} = {5DE0BB35-A73F-4D1B-8E3E-B8C780E01040}
		{EE4B55A7-34AF-423C-AAB1-24692C5A1B33} = {7ABCF003-EFB8-4BB2-95A4-581DF6B88488}
		{9E880258-2CCF-4504-A6F3-090A211C52D9} = {7ABCF003-EFB8-4BB2-95A4-581DF6B88488}
		{BD67FDC1-A8EC-4C63-89F7-A48AAD185B85} = {5DE0BB35-A73F-4D1B-8E3E-B8C780E01040}
		{9B0C1D93-2DCF-4C27-B9A5-7165C2204830} = {5DE0BB35-A73F-4D1B-8E3E-B8C780E01040}
		{91CC473F-1234-4434-B58E-09B712E0417F} = {5DE0BB35-A73F-4D1B-8E3E-B8C780E01040}
	EndGlobalSection
	GlobalSection(ExtensibilityGlobals) = postSolution
		SolutionGuid = {1B46B50A-1B20-48B0-9015-687B3E1B6AA5}
	EndGlobalSection
EndGlobal
